
Microsoft Visual Studio Solution File, Format Version 12.00
# Visual Studio 15
VisualStudioVersion = 15.0.26730.12
MinimumVisualStudioVersion = 10.0.40219.1
Project("{F184B08F-C81C-45F6-A57F-5ABD9991F28F}") = "adstruckmann1c1", "adstruckmann1c1\adstruckmann1c1.vbproj", "{EB1345B0-38CA-4CD7-8F81-057F00E463F3}"
EndProject
Project("{F184B08F-C81C-45F6-A57F-5ABD9991F28F}") = "adstruckmann1d1", "adstruckmann1d1\adstruckmann1d1.vbproj", "{7691698E-10E6-4345-BDAA-97C98B4DAACE}"
EndProject
Project("{F184B08F-C81C-45F6-A57F-5ABD9991F28F}") = "adstruckmann1f1", "adstruckmann1f1\adstruckmann1f1.vbproj", "{44C7AD92-752F-4969-88FD-7D577A520C03}"
EndProject
Project("{F184B08F-C81C-45F6-A57F-5ABD9991F28F}") = "adstruckmann1g1", "adstruckmann1g1\adstruckmann1g1.vbproj", "{3464F1D8-90C4-4B0D-BEC5-0CC6B818B82F}"
EndProject
Global
	GlobalSection(SolutionConfigurationPlatforms) = preSolution
		Debug|Any CPU = Debug|Any CPU
		Release|Any CPU = Release|Any CPU
	EndGlobalSection
	GlobalSection(ProjectConfigurationPlatforms) = postSolution
		{EB1345B0-38CA-4CD7-8F81-057F00E463F3}.Debug|Any CPU.ActiveCfg = Debug|Any CPU
		{EB1345B0-38CA-4CD7-8F81-057F00E463F3}.Debug|Any CPU.Build.0 = Debug|Any CPU
		{EB1345B0-38CA-4CD7-8F81-057F00E463F3}.Release|Any CPU.ActiveCfg = Release|Any CPU
		{EB1345B0-38CA-4CD7-8F81-057F00E463F3}.Release|Any CPU.Build.0 = Release|Any CPU
		{7691698E-10E6-4345-BDAA-97C98B4DAACE}.Debug|Any CPU.ActiveCfg = Debug|Any CPU
		{7691698E-10E6-4345-BDAA-97C98B4DAACE}.Debug|Any CPU.Build.0 = Debug|Any CPU
		{7691698E-10E6-4345-BDAA-97C98B4DAACE}.Release|Any CPU.ActiveCfg = Release|Any CPU
		{7691698E-10E6-4345-BDAA-97C98B4DAACE}.Release|Any CPU.Build.0 = Release|Any CPU
		{44C7AD92-752F-4969-88FD-7D577A520C03}.Debug|Any CPU.ActiveCfg = Debug|Any CPU
		{44C7AD92-752F-4969-88FD-7D577A520C03}.Debug|Any CPU.Build.0 = Debug|Any CPU
		{44C7AD92-752F-4969-88FD-7D577A520C03}.Release|Any CPU.ActiveCfg = Release|Any CPU
		{44C7AD92-752F-4969-88FD-7D577A520C03}.Release|Any CPU.Build.0 = Release|Any CPU
		{3464F1D8-90C4-4B0D-BEC5-0CC6B818B82F}.Debug|Any CPU.ActiveCfg = Debug|Any CPU
		{3464F1D8-90C4-4B0D-BEC5-0CC6B818B82F}.Debug|Any CPU.Build.0 = Debug|Any CPU
		{3464F1D8-90C4-4B0D-BEC5-0CC6B818B82F}.Release|Any CPU.ActiveCfg = Release|Any CPU
		{3464F1D8-90C4-4B0D-BEC5-0CC6B818B82F}.Release|Any CPU.Build.0 = Release|Any CPU
	EndGlobalSection
	GlobalSection(SolutionProperties) = preSolution
		HideSolutionNode = FALSE
	EndGlobalSection
	GlobalSection(ExtensibilityGlobals) = postSolution
		SolutionGuid = {6D2FB74B-B0A0-47EF-95F3-F47C1F1093AF}
	EndGlobalSection
EndGlobal
